// !$*UTF8*$!
{
	archiveVersion = 1;
	classes = {
	};
	objectVersion = 46;
	objects = {

/* Begin PBXBuildFile section */
		0B48CBD41EAF28F40069A213 /* BackViewController.swift in Sources */ = {isa = PBXBuildFile; fileRef = 0B48CBC41EAF28F40069A213 /* BackViewController.swift */; };
		0B48CBD51EAF28F40069A213 /* DownloadTaskViewController.swift in Sources */ = {isa = PBXBuildFile; fileRef = 0B48CBC51EAF28F40069A213 /* DownloadTaskViewController.swift */; };
		0B48CBD61EAF28F40069A213 /* FirstViewController.swift in Sources */ = {isa = PBXBuildFile; fileRef = 0B48CBC61EAF28F40069A213 /* FirstViewController.swift */; };
		0B48CBD71EAF28F40069A213 /* NewTaskViewController.swift in Sources */ = {isa = PBXBuildFile; fileRef = 0B48CBC71EAF28F40069A213 /* NewTaskViewController.swift */; };
		0B48CBD81EAF28F40069A213 /* DownloadCell.swift in Sources */ = {isa = PBXBuildFile; fileRef = 0B48CBC91EAF28F40069A213 /* DownloadCell.swift */; };
		0B48CBD91EAF28F40069A213 /* SecondViewController.swift in Sources */ = {isa = PBXBuildFile; fileRef = 0B48CBCC1EAF28F40069A213 /* SecondViewController.swift */; };
		0B48CBDA1EAF28F40069A213 /* ThirdViewController.swift in Sources */ = {isa = PBXBuildFile; fileRef = 0B48CBD11EAF28F40069A213 /* ThirdViewController.swift */; };
		0B48CBDC1EAF29970069A213 /* WebViewController.swift in Sources */ = {isa = PBXBuildFile; fileRef = 0B48CBDB1EAF29970069A213 /* WebViewController.swift */; };
		0B68F7651E84B71B00280D1B /* ADView.swift in Sources */ = {isa = PBXBuildFile; fileRef = 0B68F7631E84B71B00280D1B /* ADView.swift */; };
		0B68F7661E84B71B00280D1B /* ADViewController.swift in Sources */ = {isa = PBXBuildFile; fileRef = 0B68F7641E84B71B00280D1B /* ADViewController.swift */; };
		0B68F7681E84BD0800280D1B /* ADModel.swift in Sources */ = {isa = PBXBuildFile; fileRef = 0B68F7671E84BD0800280D1B /* ADModel.swift */; };
		0B6F04921EB84812005E8FBD /* DetailViewController.swift in Sources */ = {isa = PBXBuildFile; fileRef = 0B6F044E1EB84812005E8FBD /* DetailViewController.swift */; };
		0B6F04931EB84812005E8FBD /* DetailViewController.xib in Resources */ = {isa = PBXBuildFile; fileRef = 0B6F044F1EB84812005E8FBD /* DetailViewController.xib */; };
		0B6F04941EB84812005E8FBD /* GroupListViewController.swift in Sources */ = {isa = PBXBuildFile; fileRef = 0B6F04501EB84812005E8FBD /* GroupListViewController.swift */; };
		0B6F04951EB84812005E8FBD /* HomeViewController.swift in Sources */ = {isa = PBXBuildFile; fileRef = 0B6F04511EB84812005E8FBD /* HomeViewController.swift */; };
		0B6F04961EB84812005E8FBD /* NUKBaseViewController.swift in Sources */ = {isa = PBXBuildFile; fileRef = 0B6F04521EB84812005E8FBD /* NUKBaseViewController.swift */; };
		0B6F04971EB84812005E8FBD /* PapapaViewController.swift in Sources */ = {isa = PBXBuildFile; fileRef = 0B6F04531EB84812005E8FBD /* PapapaViewController.swift */; };
		0B6F04981EB84812005E8FBD /* StarsBackground.png in Resources */ = {isa = PBXBuildFile; fileRef = 0B6F04551EB84812005E8FBD /* StarsBackground.png */; };
		0B6F04991EB84812005E8FBD /* StarsForeground.png in Resources */ = {isa = PBXBuildFile; fileRef = 0B6F04561EB84812005E8FBD /* StarsForeground.png */; };
		0B6F049D1EB84812005E8FBD /* DetailModel.swift in Sources */ = {isa = PBXBuildFile; fileRef = 0B6F045B1EB84812005E8FBD /* DetailModel.swift */; };
		0B6F049E1EB84812005E8FBD /* GroupListModel.swift in Sources */ = {isa = PBXBuildFile; fileRef = 0B6F045C1EB84812005E8FBD /* GroupListModel.swift */; };
		0B6F049F1EB84812005E8FBD /* HomePageModel.swift in Sources */ = {isa = PBXBuildFile; fileRef = 0B6F045D1EB84812005E8FBD /* HomePageModel.swift */; };
		0B6F04A01EB84812005E8FBD /* PapapaModel.swift in Sources */ = {isa = PBXBuildFile; fileRef = 0B6F045E1EB84812005E8FBD /* PapapaModel.swift */; };
		0B6F04A11EB84812005E8FBD /* AnimatedImageView.swift in Sources */ = {isa = PBXBuildFile; fileRef = 0B6F04611EB84812005E8FBD /* AnimatedImageView.swift */; };
		0B6F04A21EB84812005E8FBD /* Box.swift in Sources */ = {isa = PBXBuildFile; fileRef = 0B6F04621EB84812005E8FBD /* Box.swift */; };
		0B6F04A31EB84812005E8FBD /* CacheSerializer.swift in Sources */ = {isa = PBXBuildFile; fileRef = 0B6F04631EB84812005E8FBD /* CacheSerializer.swift */; };
		0B6F04A41EB84812005E8FBD /* Filter.swift in Sources */ = {isa = PBXBuildFile; fileRef = 0B6F04641EB84812005E8FBD /* Filter.swift */; };
		0B6F04A51EB84812005E8FBD /* Image.swift in Sources */ = {isa = PBXBuildFile; fileRef = 0B6F04651EB84812005E8FBD /* Image.swift */; };
		0B6F04A61EB84812005E8FBD /* ImageCache.swift in Sources */ = {isa = PBXBuildFile; fileRef = 0B6F04661EB84812005E8FBD /* ImageCache.swift */; };
		0B6F04A71EB84812005E8FBD /* ImageDownloader.swift in Sources */ = {isa = PBXBuildFile; fileRef = 0B6F04671EB84812005E8FBD /* ImageDownloader.swift */; };
		0B6F04A81EB84812005E8FBD /* ImagePrefetcher.swift in Sources */ = {isa = PBXBuildFile; fileRef = 0B6F04681EB84812005E8FBD /* ImagePrefetcher.swift */; };
		0B6F04A91EB84812005E8FBD /* ImageProcessor.swift in Sources */ = {isa = PBXBuildFile; fileRef = 0B6F04691EB84812005E8FBD /* ImageProcessor.swift */; };
		0B6F04AA1EB84812005E8FBD /* ImageTransition.swift in Sources */ = {isa = PBXBuildFile; fileRef = 0B6F046A1EB84812005E8FBD /* ImageTransition.swift */; };
		0B6F04AB1EB84812005E8FBD /* ImageView+Kingfisher.swift in Sources */ = {isa = PBXBuildFile; fileRef = 0B6F046B1EB84812005E8FBD /* ImageView+Kingfisher.swift */; };
		0B6F04AC1EB84812005E8FBD /* Indicator.swift in Sources */ = {isa = PBXBuildFile; fileRef = 0B6F046C1EB84812005E8FBD /* Indicator.swift */; };
		0B6F04AD1EB84812005E8FBD /* Kingfisher.swift in Sources */ = {isa = PBXBuildFile; fileRef = 0B6F046E1EB84812005E8FBD /* Kingfisher.swift */; };
		0B6F04AE1EB84812005E8FBD /* KingfisherManager.swift in Sources */ = {isa = PBXBuildFile; fileRef = 0B6F046F1EB84812005E8FBD /* KingfisherManager.swift */; };
		0B6F04AF1EB84812005E8FBD /* KingfisherOptionsInfo.swift in Sources */ = {isa = PBXBuildFile; fileRef = 0B6F04701EB84812005E8FBD /* KingfisherOptionsInfo.swift */; };
		0B6F04B01EB84812005E8FBD /* RequestModifier.swift in Sources */ = {isa = PBXBuildFile; fileRef = 0B6F04711EB84812005E8FBD /* RequestModifier.swift */; };
		0B6F04B11EB84812005E8FBD /* Resource.swift in Sources */ = {isa = PBXBuildFile; fileRef = 0B6F04721EB84812005E8FBD /* Resource.swift */; };
		0B6F04B21EB84812005E8FBD /* String+MD5.swift in Sources */ = {isa = PBXBuildFile; fileRef = 0B6F04731EB84812005E8FBD /* String+MD5.swift */; };
		0B6F04B31EB84812005E8FBD /* ThreadHelper.swift in Sources */ = {isa = PBXBuildFile; fileRef = 0B6F04741EB84812005E8FBD /* ThreadHelper.swift */; };
		0B6F04B41EB84812005E8FBD /* UIButton+Kingfisher.swift in Sources */ = {isa = PBXBuildFile; fileRef = 0B6F04751EB84812005E8FBD /* UIButton+Kingfisher.swift */; };
		0B6F04B61EB84812005E8FBD /* XWConst.swift in Sources */ = {isa = PBXBuildFile; fileRef = 0B6F04791EB84812005E8FBD /* XWConst.swift */; };
		0B6F04B71EB84812005E8FBD /* XWRefreshComponent.swift in Sources */ = {isa = PBXBuildFile; fileRef = 0B6F047A1EB84812005E8FBD /* XWRefreshComponent.swift */; };
		0B6F04B81EB84812005E8FBD /* XWShortcutMethod.swift in Sources */ = {isa = PBXBuildFile; fileRef = 0B6F047B1EB84812005E8FBD /* XWShortcutMethod.swift */; };
		0B6F04B91EB84812005E8FBD /* XWRefreshAutoFooter.swift in Sources */ = {isa = PBXBuildFile; fileRef = 0B6F047D1EB84812005E8FBD /* XWRefreshAutoFooter.swift */; };
		0B6F04BA1EB84812005E8FBD /* XWRefreshAutoNormalFooter.swift in Sources */ = {isa = PBXBuildFile; fileRef = 0B6F047E1EB84812005E8FBD /* XWRefreshAutoNormalFooter.swift */; };
		0B6F04BB1EB84812005E8FBD /* XWRefreshAutoStateFooter.swift in Sources */ = {isa = PBXBuildFile; fileRef = 0B6F047F1EB84812005E8FBD /* XWRefreshAutoStateFooter.swift */; };
		0B6F04BC1EB84812005E8FBD /* XWRefreshFooter.swift in Sources */ = {isa = PBXBuildFile; fileRef = 0B6F04801EB84812005E8FBD /* XWRefreshFooter.swift */; };
		0B6F04BD1EB84812005E8FBD /* XWRefreshGifHeader.swift in Sources */ = {isa = PBXBuildFile; fileRef = 0B6F04821EB84812005E8FBD /* XWRefreshGifHeader.swift */; };
		0B6F04BE1EB84812005E8FBD /* XWRefreshHeader.swift in Sources */ = {isa = PBXBuildFile; fileRef = 0B6F04831EB84812005E8FBD /* XWRefreshHeader.swift */; };
		0B6F04BF1EB84812005E8FBD /* XWRefreshNormalHeader.swift in Sources */ = {isa = PBXBuildFile; fileRef = 0B6F04841EB84812005E8FBD /* XWRefreshNormalHeader.swift */; };
		0B6F04C01EB84812005E8FBD /* XWRefreshStateHeader.swift in Sources */ = {isa = PBXBuildFile; fileRef = 0B6F04851EB84812005E8FBD /* XWRefreshStateHeader.swift */; };
		0B6F04C11EB84812005E8FBD /* UIScrollViewExtension-XW.swift in Sources */ = {isa = PBXBuildFile; fileRef = 0B6F04871EB84812005E8FBD /* UIScrollViewExtension-XW.swift */; };
		0B6F04C21EB84812005E8FBD /* xw_icon.bundle in Resources */ = {isa = PBXBuildFile; fileRef = 0B6F04891EB84812005E8FBD /* xw_icon.bundle */; };
		0B6F04C31EB84812005E8FBD /* 哔咔先行版.rtf in Resources */ = {isa = PBXBuildFile; fileRef = 0B6F048A1EB84812005E8FBD /* 哔咔先行版.rtf */; };
		0B6F04C41EB84812005E8FBD /* DetailButton.swift in Sources */ = {isa = PBXBuildFile; fileRef = 0B6F048D1EB84812005E8FBD /* DetailButton.swift */; };
		0B6F04C51EB84812005E8FBD /* GroupListCell.swift in Sources */ = {isa = PBXBuildFile; fileRef = 0B6F048E1EB84812005E8FBD /* GroupListCell.swift */; };
		0B6F04C61EB84812005E8FBD /* GroupListCell.xib in Resources */ = {isa = PBXBuildFile; fileRef = 0B6F048F1EB84812005E8FBD /* GroupListCell.xib */; };
		0B6F04C71EB84812005E8FBD /* PapapaCell.swift in Sources */ = {isa = PBXBuildFile; fileRef = 0B6F04901EB84812005E8FBD /* PapapaCell.swift */; };
		0B6F04C81EB84812005E8FBD /* StarView.swift in Sources */ = {isa = PBXBuildFile; fileRef = 0B6F04911EB84812005E8FBD /* StarView.swift */; };
		0B79C3731E8388D600CF92B2 /* AppDelegate.swift in Sources */ = {isa = PBXBuildFile; fileRef = 0B79C3721E8388D600CF92B2 /* AppDelegate.swift */; };
		0B79C3751E8388D600CF92B2 /* ViewController.swift in Sources */ = {isa = PBXBuildFile; fileRef = 0B79C3741E8388D600CF92B2 /* ViewController.swift */; };
		0B79C3781E8388D600CF92B2 /* Main.storyboard in Resources */ = {isa = PBXBuildFile; fileRef = 0B79C3761E8388D600CF92B2 /* Main.storyboard */; };
		0B79C37A1E8388D600CF92B2 /* Assets.xcassets in Resources */ = {isa = PBXBuildFile; fileRef = 0B79C3791E8388D600CF92B2 /* Assets.xcassets */; };
		0B79C37D1E8388D600CF92B2 /* LaunchScreen.storyboard in Resources */ = {isa = PBXBuildFile; fileRef = 0B79C37B1E8388D600CF92B2 /* LaunchScreen.storyboard */; };
		0B79C3901E83907D00CF92B2 /* CacheTool.swift in Sources */ = {isa = PBXBuildFile; fileRef = 0B79C3851E83907D00CF92B2 /* CacheTool.swift */; };
		0B79C3921E83907D00CF92B2 /* UIControl+recurClick.m in Sources */ = {isa = PBXBuildFile; fileRef = 0B79C3881E83907D00CF92B2 /* UIControl+recurClick.m */; };
		0B79C3961E83907D00CF92B2 /* Const.swift in Sources */ = {isa = PBXBuildFile; fileRef = 0B79C38D1E83907D00CF92B2 /* Const.swift */; };
		0B79C3971E83907D00CF92B2 /* MyTools.swift in Sources */ = {isa = PBXBuildFile; fileRef = 0B79C38E1E83907D00CF92B2 /* MyTools.swift */; };
		0B79C3981E83907D00CF92B2 /* ZKDownloader.swift in Sources */ = {isa = PBXBuildFile; fileRef = 0B79C38F1E83907D00CF92B2 /* ZKDownloader.swift */; };
		0B79C39E1E8390B400CF92B2 /* ProgressHUD.swift in Sources */ = {isa = PBXBuildFile; fileRef = 0B79C39A1E8390B400CF92B2 /* ProgressHUD.swift */; };
		0B79C39F1E8390B400CF92B2 /* 保存成功.png in Resources */ = {isa = PBXBuildFile; fileRef = 0B79C39B1E8390B400CF92B2 /* 保存成功.png */; };
		0B79C3A01E8390B400CF92B2 /* 提示底.png in Resources */ = {isa = PBXBuildFile; fileRef = 0B79C39C1E8390B400CF92B2 /* 提示底.png */; };
		0B79C3A11E8390B400CF92B2 /* 提示底@2x.png in Resources */ = {isa = PBXBuildFile; fileRef = 0B79C39D1E8390B400CF92B2 /* 提示底@2x.png */; };
		0B79C3A51E8394E800CF92B2 /* MainTabBarViewController.swift in Sources */ = {isa = PBXBuildFile; fileRef = 0B79C3A41E8394E800CF92B2 /* MainTabBarViewController.swift */; };
		0B79C3B31E83978500CF92B2 /* BaseViewController.swift in Sources */ = {isa = PBXBuildFile; fileRef = 0B79C3B21E83978500CF92B2 /* BaseViewController.swift */; };
		0B79C3B51E839CEB00CF92B2 /* HttpUrl.swift in Sources */ = {isa = PBXBuildFile; fileRef = 0B79C3B41E839CEB00CF92B2 /* HttpUrl.swift */; };
		0B79C3DA1E83A14900CF92B2 /* Constraint.swift in Sources */ = {isa = PBXBuildFile; fileRef = 0B79C3B81E83A14900CF92B2 /* Constraint.swift */; };
		0B79C3DB1E83A14900CF92B2 /* ConstraintAttributes.swift in Sources */ = {isa = PBXBuildFile; fileRef = 0B79C3B91E83A14900CF92B2 /* ConstraintAttributes.swift */; };
		0B79C3DC1E83A14900CF92B2 /* ConstraintConfig.swift in Sources */ = {isa = PBXBuildFile; fileRef = 0B79C3BA1E83A14900CF92B2 /* ConstraintConfig.swift */; };
		0B79C3DD1E83A14900CF92B2 /* ConstraintConstantTarget.swift in Sources */ = {isa = PBXBuildFile; fileRef = 0B79C3BB1E83A14900CF92B2 /* ConstraintConstantTarget.swift */; };
		0B79C3DE1E83A14900CF92B2 /* ConstraintDescription.swift in Sources */ = {isa = PBXBuildFile; fileRef = 0B79C3BC1E83A14900CF92B2 /* ConstraintDescription.swift */; };
		0B79C3DF1E83A14900CF92B2 /* ConstraintDSL.swift in Sources */ = {isa = PBXBuildFile; fileRef = 0B79C3BD1E83A14900CF92B2 /* ConstraintDSL.swift */; };
		0B79C3E01E83A14900CF92B2 /* ConstraintInsets.swift in Sources */ = {isa = PBXBuildFile; fileRef = 0B79C3BE1E83A14900CF92B2 /* ConstraintInsets.swift */; };
		0B79C3E11E83A14900CF92B2 /* ConstraintInsetTarget.swift in Sources */ = {isa = PBXBuildFile; fileRef = 0B79C3BF1E83A14900CF92B2 /* ConstraintInsetTarget.swift */; };
		0B79C3E21E83A14900CF92B2 /* ConstraintItem.swift in Sources */ = {isa = PBXBuildFile; fileRef = 0B79C3C01E83A14900CF92B2 /* ConstraintItem.swift */; };
		0B79C3E31E83A14900CF92B2 /* ConstraintLayoutGuide+Extensions.swift in Sources */ = {isa = PBXBuildFile; fileRef = 0B79C3C11E83A14900CF92B2 /* ConstraintLayoutGuide+Extensions.swift */; };
		0B79C3E41E83A14900CF92B2 /* ConstraintLayoutGuide.swift in Sources */ = {isa = PBXBuildFile; fileRef = 0B79C3C21E83A14900CF92B2 /* ConstraintLayoutGuide.swift */; };
		0B79C3E51E83A14900CF92B2 /* ConstraintLayoutGuideDSL.swift in Sources */ = {isa = PBXBuildFile; fileRef = 0B79C3C31E83A14900CF92B2 /* ConstraintLayoutGuideDSL.swift */; };
		0B79C3E61E83A14900CF92B2 /* ConstraintLayoutSupport.swift in Sources */ = {isa = PBXBuildFile; fileRef = 0B79C3C41E83A14900CF92B2 /* ConstraintLayoutSupport.swift */; };
		0B79C3E71E83A14900CF92B2 /* ConstraintLayoutSupportDSL.swift in Sources */ = {isa = PBXBuildFile; fileRef = 0B79C3C51E83A14900CF92B2 /* ConstraintLayoutSupportDSL.swift */; };
		0B79C3E81E83A14900CF92B2 /* ConstraintMaker.swift in Sources */ = {isa = PBXBuildFile; fileRef = 0B79C3C61E83A14900CF92B2 /* ConstraintMaker.swift */; };
		0B79C3E91E83A14900CF92B2 /* ConstraintMakerEditable.swift in Sources */ = {isa = PBXBuildFile; fileRef = 0B79C3C71E83A14900CF92B2 /* ConstraintMakerEditable.swift */; };
		0B79C3EA1E83A14900CF92B2 /* ConstraintMakerExtendable.swift in Sources */ = {isa = PBXBuildFile; fileRef = 0B79C3C81E83A14900CF92B2 /* ConstraintMakerExtendable.swift */; };
		0B79C3EB1E83A14900CF92B2 /* ConstraintMakerFinalizable.swift in Sources */ = {isa = PBXBuildFile; fileRef = 0B79C3C91E83A14900CF92B2 /* ConstraintMakerFinalizable.swift */; };
		0B79C3EC1E83A14900CF92B2 /* ConstraintMakerPriortizable.swift in Sources */ = {isa = PBXBuildFile; fileRef = 0B79C3CA1E83A14900CF92B2 /* ConstraintMakerPriortizable.swift */; };
		0B79C3ED1E83A14900CF92B2 /* ConstraintMakerRelatable.swift in Sources */ = {isa = PBXBuildFile; fileRef = 0B79C3CB1E83A14900CF92B2 /* ConstraintMakerRelatable.swift */; };
		0B79C3EE1E83A14900CF92B2 /* ConstraintMultiplierTarget.swift in Sources */ = {isa = PBXBuildFile; fileRef = 0B79C3CC1E83A14900CF92B2 /* ConstraintMultiplierTarget.swift */; };
		0B79C3EF1E83A14900CF92B2 /* ConstraintOffsetTarget.swift in Sources */ = {isa = PBXBuildFile; fileRef = 0B79C3CD1E83A14900CF92B2 /* ConstraintOffsetTarget.swift */; };
		0B79C3F01E83A14900CF92B2 /* ConstraintPriorityTarget.swift in Sources */ = {isa = PBXBuildFile; fileRef = 0B79C3CE1E83A14900CF92B2 /* ConstraintPriorityTarget.swift */; };
		0B79C3F11E83A14900CF92B2 /* ConstraintRelatableTarget.swift in Sources */ = {isa = PBXBuildFile; fileRef = 0B79C3CF1E83A14900CF92B2 /* ConstraintRelatableTarget.swift */; };
		0B79C3F21E83A14900CF92B2 /* ConstraintRelation.swift in Sources */ = {isa = PBXBuildFile; fileRef = 0B79C3D01E83A14900CF92B2 /* ConstraintRelation.swift */; };
		0B79C3F31E83A14900CF92B2 /* ConstraintView+Extensions.swift in Sources */ = {isa = PBXBuildFile; fileRef = 0B79C3D11E83A14900CF92B2 /* ConstraintView+Extensions.swift */; };
		0B79C3F41E83A14900CF92B2 /* ConstraintView.swift in Sources */ = {isa = PBXBuildFile; fileRef = 0B79C3D21E83A14900CF92B2 /* ConstraintView.swift */; };
		0B79C3F51E83A14900CF92B2 /* ConstraintViewDSL.swift in Sources */ = {isa = PBXBuildFile; fileRef = 0B79C3D31E83A14900CF92B2 /* ConstraintViewDSL.swift */; };
		0B79C3F61E83A14900CF92B2 /* Debugging.swift in Sources */ = {isa = PBXBuildFile; fileRef = 0B79C3D41E83A14900CF92B2 /* Debugging.swift */; };
		0B79C3F81E83A14900CF92B2 /* LayoutConstraint.swift in Sources */ = {isa = PBXBuildFile; fileRef = 0B79C3D61E83A14900CF92B2 /* LayoutConstraint.swift */; };
		0B79C3F91E83A14900CF92B2 /* LayoutConstraintItem.swift in Sources */ = {isa = PBXBuildFile; fileRef = 0B79C3D71E83A14900CF92B2 /* LayoutConstraintItem.swift */; };
		0B79C3FA1E83A14900CF92B2 /* UILayoutSupport+Extensions.swift in Sources */ = {isa = PBXBuildFile; fileRef = 0B79C3D91E83A14900CF92B2 /* UILayoutSupport+Extensions.swift */; };
		0BE60A0E1EAD96B700D21D8C /* UINavigationController+FDFullscreenPopGesture.m in Sources */ = {isa = PBXBuildFile; fileRef = 0BE60A0D1EAD96B700D21D8C /* UINavigationController+FDFullscreenPopGesture.m */; };
		0BE60A151EADAD8100D21D8C /* ZKDownloadTaskManager.swift in Sources */ = {isa = PBXBuildFile; fileRef = 0BE60A141EADAD8100D21D8C /* ZKDownloadTaskManager.swift */; };
		0BE60A1D1EADF87700D21D8C /* TaskManager.swift in Sources */ = {isa = PBXBuildFile; fileRef = 0BE60A1C1EADF87700D21D8C /* TaskManager.swift */; };
/* End PBXBuildFile section */

/* Begin PBXFileReference section */
		0B48CBC41EAF28F40069A213 /* BackViewController.swift */ = {isa = PBXFileReference; fileEncoding = 4; lastKnownFileType = sourcecode.swift; path = BackViewController.swift; sourceTree = "<group>"; };
		0B48CBC51EAF28F40069A213 /* DownloadTaskViewController.swift */ = {isa = PBXFileReference; fileEncoding = 4; lastKnownFileType = sourcecode.swift; path = DownloadTaskViewController.swift; sourceTree = "<group>"; };
		0B48CBC61EAF28F40069A213 /* FirstViewController.swift */ = {isa = PBXFileReference; fileEncoding = 4; lastKnownFileType = sourcecode.swift; path = FirstViewController.swift; sourceTree = "<group>"; };
		0B48CBC71EAF28F40069A213 /* NewTaskViewController.swift */ = {isa = PBXFileReference; fileEncoding = 4; lastKnownFileType = sourcecode.swift; path = NewTaskViewController.swift; sourceTree = "<group>"; };
		0B48CBC91EAF28F40069A213 /* DownloadCell.swift */ = {isa = PBXFileReference; fileEncoding = 4; lastKnownFileType = sourcecode.swift; path = DownloadCell.swift; sourceTree = "<group>"; };
		0B48CBCC1EAF28F40069A213 /* SecondViewController.swift */ = {isa = PBXFileReference; fileEncoding = 4; lastKnownFileType = sourcecode.swift; path = SecondViewController.swift; sourceTree = "<group>"; };
		0B48CBD11EAF28F40069A213 /* ThirdViewController.swift */ = {isa = PBXFileReference; fileEncoding = 4; lastKnownFileType = sourcecode.swift; path = ThirdViewController.swift; sourceTree = "<group>"; };
		0B48CBDB1EAF29970069A213 /* WebViewController.swift */ = {isa = PBXFileReference; fileEncoding = 4; lastKnownFileType = sourcecode.swift; path = WebViewController.swift; sourceTree = "<group>"; };
		0B68F7631E84B71B00280D1B /* ADView.swift */ = {isa = PBXFileReference; fileEncoding = 4; lastKnownFileType = sourcecode.swift; path = ADView.swift; sourceTree = "<group>"; };
		0B68F7641E84B71B00280D1B /* ADViewController.swift */ = {isa = PBXFileReference; fileEncoding = 4; lastKnownFileType = sourcecode.swift; path = ADViewController.swift; sourceTree = "<group>"; };
		0B68F7671E84BD0800280D1B /* ADModel.swift */ = {isa = PBXFileReference; fileEncoding = 4; lastKnownFileType = sourcecode.swift; path = ADModel.swift; sourceTree = "<group>"; };
		0B6F044E1EB84812005E8FBD /* DetailViewController.swift */ = {isa = PBXFileReference; fileEncoding = 4; lastKnownFileType = sourcecode.swift; path = DetailViewController.swift; sourceTree = "<group>"; };
		0B6F044F1EB84812005E8FBD /* DetailViewController.xib */ = {isa = PBXFileReference; fileEncoding = 4; lastKnownFileType = file.xib; path = DetailViewController.xib; sourceTree = "<group>"; };
		0B6F04501EB84812005E8FBD /* GroupListViewController.swift */ = {isa = PBXFileReference; fileEncoding = 4; lastKnownFileType = sourcecode.swift; path = GroupListViewController.swift; sourceTree = "<group>"; };
		0B6F04511EB84812005E8FBD /* HomeViewController.swift */ = {isa = PBXFileReference; fileEncoding = 4; lastKnownFileType = sourcecode.swift; path = HomeViewController.swift; sourceTree = "<group>"; };
		0B6F04521EB84812005E8FBD /* NUKBaseViewController.swift */ = {isa = PBXFileReference; fileEncoding = 4; lastKnownFileType = sourcecode.swift; path = NUKBaseViewController.swift; sourceTree = "<group>"; };
		0B6F04531EB84812005E8FBD /* PapapaViewController.swift */ = {isa = PBXFileReference; fileEncoding = 4; lastKnownFileType = sourcecode.swift; path = PapapaViewController.swift; sourceTree = "<group>"; };
		0B6F04551EB84812005E8FBD /* StarsBackground.png */ = {isa = PBXFileReference; lastKnownFileType = image.png; path = StarsBackground.png; sourceTree = "<group>"; };
		0B6F04561EB84812005E8FBD /* StarsForeground.png */ = {isa = PBXFileReference; lastKnownFileType = image.png; path = StarsForeground.png; sourceTree = "<group>"; };
		0B6F045B1EB84812005E8FBD /* DetailModel.swift */ = {isa = PBXFileReference; fileEncoding = 4; lastKnownFileType = sourcecode.swift; path = DetailModel.swift; sourceTree = "<group>"; };
		0B6F045C1EB84812005E8FBD /* GroupListModel.swift */ = {isa = PBXFileReference; fileEncoding = 4; lastKnownFileType = sourcecode.swift; path = GroupListModel.swift; sourceTree = "<group>"; };
		0B6F045D1EB84812005E8FBD /* HomePageModel.swift */ = {isa = PBXFileReference; fileEncoding = 4; lastKnownFileType = sourcecode.swift; path = HomePageModel.swift; sourceTree = "<group>"; };
		0B6F045E1EB84812005E8FBD /* PapapaModel.swift */ = {isa = PBXFileReference; fileEncoding = 4; lastKnownFileType = sourcecode.swift; path = PapapaModel.swift; sourceTree = "<group>"; };
		0B6F04611EB84812005E8FBD /* AnimatedImageView.swift */ = {isa = PBXFileReference; fileEncoding = 4; lastKnownFileType = sourcecode.swift; path = AnimatedImageView.swift; sourceTree = "<group>"; };
		0B6F04621EB84812005E8FBD /* Box.swift */ = {isa = PBXFileReference; fileEncoding = 4; lastKnownFileType = sourcecode.swift; path = Box.swift; sourceTree = "<group>"; };
		0B6F04631EB84812005E8FBD /* CacheSerializer.swift */ = {isa = PBXFileReference; fileEncoding = 4; lastKnownFileType = sourcecode.swift; path = CacheSerializer.swift; sourceTree = "<group>"; };
		0B6F04641EB84812005E8FBD /* Filter.swift */ = {isa = PBXFileReference; fileEncoding = 4; lastKnownFileType = sourcecode.swift; path = Filter.swift; sourceTree = "<group>"; };
		0B6F04651EB84812005E8FBD /* Image.swift */ = {isa = PBXFileReference; fileEncoding = 4; lastKnownFileType = sourcecode.swift; path = Image.swift; sourceTree = "<group>"; };
		0B6F04661EB84812005E8FBD /* ImageCache.swift */ = {isa = PBXFileReference; fileEncoding = 4; lastKnownFileType = sourcecode.swift; path = ImageCache.swift; sourceTree = "<group>"; };
		0B6F04671EB84812005E8FBD /* ImageDownloader.swift */ = {isa = PBXFileReference; fileEncoding = 4; lastKnownFileType = sourcecode.swift; path = ImageDownloader.swift; sourceTree = "<group>"; };
		0B6F04681EB84812005E8FBD /* ImagePrefetcher.swift */ = {isa = PBXFileReference; fileEncoding = 4; lastKnownFileType = sourcecode.swift; path = ImagePrefetcher.swift; sourceTree = "<group>"; };
		0B6F04691EB84812005E8FBD /* ImageProcessor.swift */ = {isa = PBXFileReference; fileEncoding = 4; lastKnownFileType = sourcecode.swift; path = ImageProcessor.swift; sourceTree = "<group>"; };
		0B6F046A1EB84812005E8FBD /* ImageTransition.swift */ = {isa = PBXFileReference; fileEncoding = 4; lastKnownFileType = sourcecode.swift; path = ImageTransition.swift; sourceTree = "<group>"; };
		0B6F046B1EB84812005E8FBD /* ImageView+Kingfisher.swift */ = {isa = PBXFileReference; fileEncoding = 4; lastKnownFileType = sourcecode.swift; path = "ImageView+Kingfisher.swift"; sourceTree = "<group>"; };
		0B6F046C1EB84812005E8FBD /* Indicator.swift */ = {isa = PBXFileReference; fileEncoding = 4; lastKnownFileType = sourcecode.swift; path = Indicator.swift; sourceTree = "<group>"; };
		0B6F046D1EB84812005E8FBD /* Kingfisher.h */ = {isa = PBXFileReference; fileEncoding = 4; lastKnownFileType = sourcecode.c.h; path = Kingfisher.h; sourceTree = "<group>"; };
		0B6F046E1EB84812005E8FBD /* Kingfisher.swift */ = {isa = PBXFileReference; fileEncoding = 4; lastKnownFileType = sourcecode.swift; path = Kingfisher.swift; sourceTree = "<group>"; };
		0B6F046F1EB84812005E8FBD /* KingfisherManager.swift */ = {isa = PBXFileReference; fileEncoding = 4; lastKnownFileType = sourcecode.swift; path = KingfisherManager.swift; sourceTree = "<group>"; };
		0B6F04701EB84812005E8FBD /* KingfisherOptionsInfo.swift */ = {isa = PBXFileReference; fileEncoding = 4; lastKnownFileType = sourcecode.swift; path = KingfisherOptionsInfo.swift; sourceTree = "<group>"; };
		0B6F04711EB84812005E8FBD /* RequestModifier.swift */ = {isa = PBXFileReference; fileEncoding = 4; lastKnownFileType = sourcecode.swift; path = RequestModifier.swift; sourceTree = "<group>"; };
		0B6F04721EB84812005E8FBD /* Resource.swift */ = {isa = PBXFileReference; fileEncoding = 4; lastKnownFileType = sourcecode.swift; path = Resource.swift; sourceTree = "<group>"; };
		0B6F04731EB84812005E8FBD /* String+MD5.swift */ = {isa = PBXFileReference; fileEncoding = 4; lastKnownFileType = sourcecode.swift; path = "String+MD5.swift"; sourceTree = "<group>"; };
		0B6F04741EB84812005E8FBD /* ThreadHelper.swift */ = {isa = PBXFileReference; fileEncoding = 4; lastKnownFileType = sourcecode.swift; path = ThreadHelper.swift; sourceTree = "<group>"; };
		0B6F04751EB84812005E8FBD /* UIButton+Kingfisher.swift */ = {isa = PBXFileReference; fileEncoding = 4; lastKnownFileType = sourcecode.swift; path = "UIButton+Kingfisher.swift"; sourceTree = "<group>"; };
		0B6F04791EB84812005E8FBD /* XWConst.swift */ = {isa = PBXFileReference; fileEncoding = 4; lastKnownFileType = sourcecode.swift; path = XWConst.swift; sourceTree = "<group>"; };
		0B6F047A1EB84812005E8FBD /* XWRefreshComponent.swift */ = {isa = PBXFileReference; fileEncoding = 4; lastKnownFileType = sourcecode.swift; path = XWRefreshComponent.swift; sourceTree = "<group>"; };
		0B6F047B1EB84812005E8FBD /* XWShortcutMethod.swift */ = {isa = PBXFileReference; fileEncoding = 4; lastKnownFileType = sourcecode.swift; path = XWShortcutMethod.swift; sourceTree = "<group>"; };
		0B6F047D1EB84812005E8FBD /* XWRefreshAutoFooter.swift */ = {isa = PBXFileReference; fileEncoding = 4; lastKnownFileType = sourcecode.swift; path = XWRefreshAutoFooter.swift; sourceTree = "<group>"; };
		0B6F047E1EB84812005E8FBD /* XWRefreshAutoNormalFooter.swift */ = {isa = PBXFileReference; fileEncoding = 4; lastKnownFileType = sourcecode.swift; path = XWRefreshAutoNormalFooter.swift; sourceTree = "<group>"; };
		0B6F047F1EB84812005E8FBD /* XWRefreshAutoStateFooter.swift */ = {isa = PBXFileReference; fileEncoding = 4; lastKnownFileType = sourcecode.swift; path = XWRefreshAutoStateFooter.swift; sourceTree = "<group>"; };
		0B6F04801EB84812005E8FBD /* XWRefreshFooter.swift */ = {isa = PBXFileReference; fileEncoding = 4; lastKnownFileType = sourcecode.swift; path = XWRefreshFooter.swift; sourceTree = "<group>"; };
		0B6F04821EB84812005E8FBD /* XWRefreshGifHeader.swift */ = {isa = PBXFileReference; fileEncoding = 4; lastKnownFileType = sourcecode.swift; path = XWRefreshGifHeader.swift; sourceTree = "<group>"; };
		0B6F04831EB84812005E8FBD /* XWRefreshHeader.swift */ = {isa = PBXFileReference; fileEncoding = 4; lastKnownFileType = sourcecode.swift; path = XWRefreshHeader.swift; sourceTree = "<group>"; };
		0B6F04841EB84812005E8FBD /* XWRefreshNormalHeader.swift */ = {isa = PBXFileReference; fileEncoding = 4; lastKnownFileType = sourcecode.swift; path = XWRefreshNormalHeader.swift; sourceTree = "<group>"; };
		0B6F04851EB84812005E8FBD /* XWRefreshStateHeader.swift */ = {isa = PBXFileReference; fileEncoding = 4; lastKnownFileType = sourcecode.swift; path = XWRefreshStateHeader.swift; sourceTree = "<group>"; };
		0B6F04871EB84812005E8FBD /* UIScrollViewExtension-XW.swift */ = {isa = PBXFileReference; fileEncoding = 4; lastKnownFileType = sourcecode.swift; path = "UIScrollViewExtension-XW.swift"; sourceTree = "<group>"; };
		0B6F04891EB84812005E8FBD /* xw_icon.bundle */ = {isa = PBXFileReference; lastKnownFileType = "wrapper.plug-in"; path = xw_icon.bundle; sourceTree = "<group>"; };
		0B6F048A1EB84812005E8FBD /* 哔咔先行版.rtf */ = {isa = PBXFileReference; fileEncoding = 4; lastKnownFileType = text.rtf; path = "哔咔先行版.rtf"; sourceTree = "<group>"; };
		0B6F048D1EB84812005E8FBD /* DetailButton.swift */ = {isa = PBXFileReference; fileEncoding = 4; lastKnownFileType = sourcecode.swift; path = DetailButton.swift; sourceTree = "<group>"; };
		0B6F048E1EB84812005E8FBD /* GroupListCell.swift */ = {isa = PBXFileReference; fileEncoding = 4; lastKnownFileType = sourcecode.swift; path = GroupListCell.swift; sourceTree = "<group>"; };
		0B6F048F1EB84812005E8FBD /* GroupListCell.xib */ = {isa = PBXFileReference; fileEncoding = 4; lastKnownFileType = file.xib; path = GroupListCell.xib; sourceTree = "<group>"; };
		0B6F04901EB84812005E8FBD /* PapapaCell.swift */ = {isa = PBXFileReference; fileEncoding = 4; lastKnownFileType = sourcecode.swift; path = PapapaCell.swift; sourceTree = "<group>"; };
		0B6F04911EB84812005E8FBD /* StarView.swift */ = {isa = PBXFileReference; fileEncoding = 4; lastKnownFileType = sourcecode.swift; path = StarView.swift; sourceTree = "<group>"; };
		0B79C36F1E8388D600CF92B2 /* MyTools.app */ = {isa = PBXFileReference; explicitFileType = wrapper.application; includeInIndex = 0; path = MyTools.app; sourceTree = BUILT_PRODUCTS_DIR; };
		0B79C3721E8388D600CF92B2 /* AppDelegate.swift */ = {isa = PBXFileReference; lastKnownFileType = sourcecode.swift; path = AppDelegate.swift; sourceTree = "<group>"; };
		0B79C3741E8388D600CF92B2 /* ViewController.swift */ = {isa = PBXFileReference; lastKnownFileType = sourcecode.swift; path = ViewController.swift; sourceTree = "<group>"; };
		0B79C3771E8388D600CF92B2 /* Base */ = {isa = PBXFileReference; lastKnownFileType = file.storyboard; name = Base; path = Base.lproj/Main.storyboard; sourceTree = "<group>"; };
		0B79C3791E8388D600CF92B2 /* Assets.xcassets */ = {isa = PBXFileReference; lastKnownFileType = folder.assetcatalog; path = Assets.xcassets; sourceTree = "<group>"; };
		0B79C37C1E8388D600CF92B2 /* Base */ = {isa = PBXFileReference; lastKnownFileType = file.storyboard; name = Base; path = Base.lproj/LaunchScreen.storyboard; sourceTree = "<group>"; };
		0B79C37E1E8388D700CF92B2 /* Info.plist */ = {isa = PBXFileReference; lastKnownFileType = text.plist.xml; path = Info.plist; sourceTree = "<group>"; };
		0B79C3851E83907D00CF92B2 /* CacheTool.swift */ = {isa = PBXFileReference; fileEncoding = 4; lastKnownFileType = sourcecode.swift; path = CacheTool.swift; sourceTree = "<group>"; };
		0B79C3871E83907D00CF92B2 /* UIControl+recurClick.h */ = {isa = PBXFileReference; fileEncoding = 4; lastKnownFileType = sourcecode.c.h; path = "UIControl+recurClick.h"; sourceTree = "<group>"; };
		0B79C3881E83907D00CF92B2 /* UIControl+recurClick.m */ = {isa = PBXFileReference; fileEncoding = 4; lastKnownFileType = sourcecode.c.objc; path = "UIControl+recurClick.m"; sourceTree = "<group>"; };
		0B79C38D1E83907D00CF92B2 /* Const.swift */ = {isa = PBXFileReference; fileEncoding = 4; lastKnownFileType = sourcecode.swift; path = Const.swift; sourceTree = "<group>"; };
		0B79C38E1E83907D00CF92B2 /* MyTools.swift */ = {isa = PBXFileReference; fileEncoding = 4; lastKnownFileType = sourcecode.swift; path = MyTools.swift; sourceTree = "<group>"; };
		0B79C38F1E83907D00CF92B2 /* ZKDownloader.swift */ = {isa = PBXFileReference; fileEncoding = 4; lastKnownFileType = sourcecode.swift; path = ZKDownloader.swift; sourceTree = "<group>"; };
		0B79C39A1E8390B400CF92B2 /* ProgressHUD.swift */ = {isa = PBXFileReference; fileEncoding = 4; lastKnownFileType = sourcecode.swift; path = ProgressHUD.swift; sourceTree = "<group>"; };
		0B79C39B1E8390B400CF92B2 /* 保存成功.png */ = {isa = PBXFileReference; lastKnownFileType = image.png; path = "保存成功.png"; sourceTree = "<group>"; };
		0B79C39C1E8390B400CF92B2 /* 提示底.png */ = {isa = PBXFileReference; lastKnownFileType = image.png; path = "提示底.png"; sourceTree = "<group>"; };
		0B79C39D1E8390B400CF92B2 /* 提示底@2x.png */ = {isa = PBXFileReference; lastKnownFileType = image.png; path = "提示底@2x.png"; sourceTree = "<group>"; };
		0B79C3A21E8390E700CF92B2 /* HeaderBridge.h */ = {isa = PBXFileReference; lastKnownFileType = sourcecode.c.h; path = HeaderBridge.h; sourceTree = "<group>"; };
		0B79C3A41E8394E800CF92B2 /* MainTabBarViewController.swift */ = {isa = PBXFileReference; fileEncoding = 4; lastKnownFileType = sourcecode.swift; path = MainTabBarViewController.swift; sourceTree = "<group>"; };
		0B79C3B21E83978500CF92B2 /* BaseViewController.swift */ = {isa = PBXFileReference; fileEncoding = 4; lastKnownFileType = sourcecode.swift; path = BaseViewController.swift; sourceTree = "<group>"; };
		0B79C3B41E839CEB00CF92B2 /* HttpUrl.swift */ = {isa = PBXFileReference; fileEncoding = 4; lastKnownFileType = sourcecode.swift; path = HttpUrl.swift; sourceTree = "<group>"; };
		0B79C3B81E83A14900CF92B2 /* Constraint.swift */ = {isa = PBXFileReference; fileEncoding = 4; lastKnownFileType = sourcecode.swift; path = Constraint.swift; sourceTree = "<group>"; };
		0B79C3B91E83A14900CF92B2 /* ConstraintAttributes.swift */ = {isa = PBXFileReference; fileEncoding = 4; lastKnownFileType = sourcecode.swift; path = ConstraintAttributes.swift; sourceTree = "<group>"; };
		0B79C3BA1E83A14900CF92B2 /* ConstraintConfig.swift */ = {isa = PBXFileReference; fileEncoding = 4; lastKnownFileType = sourcecode.swift; path = ConstraintConfig.swift; sourceTree = "<group>"; };
		0B79C3BB1E83A14900CF92B2 /* ConstraintConstantTarget.swift */ = {isa = PBXFileReference; fileEncoding = 4; lastKnownFileType = sourcecode.swift; path = ConstraintConstantTarget.swift; sourceTree = "<group>"; };
		0B79C3BC1E83A14900CF92B2 /* ConstraintDescription.swift */ = {isa = PBXFileReference; fileEncoding = 4; lastKnownFileType = sourcecode.swift; path = ConstraintDescription.swift; sourceTree = "<group>"; };
		0B79C3BD1E83A14900CF92B2 /* ConstraintDSL.swift */ = {isa = PBXFileReference; fileEncoding = 4; lastKnownFileType = sourcecode.swift; path = ConstraintDSL.swift; sourceTree = "<group>"; };
		0B79C3BE1E83A14900CF92B2 /* ConstraintInsets.swift */ = {isa = PBXFileReference; fileEncoding = 4; lastKnownFileType = sourcecode.swift; path = ConstraintInsets.swift; sourceTree = "<group>"; };
		0B79C3BF1E83A14900CF92B2 /* ConstraintInsetTarget.swift */ = {isa = PBXFileReference; fileEncoding = 4; lastKnownFileType = sourcecode.swift; path = ConstraintInsetTarget.swift; sourceTree = "<group>"; };
		0B79C3C01E83A14900CF92B2 /* ConstraintItem.swift */ = {isa = PBXFileReference; fileEncoding = 4; lastKnownFileType = sourcecode.swift; path = ConstraintItem.swift; sourceTree = "<group>"; };
		0B79C3C11E83A14900CF92B2 /* ConstraintLayoutGuide+Extensions.swift */ = {isa = PBXFileReference; fileEncoding = 4; lastKnownFileType = sourcecode.swift; path = "ConstraintLayoutGuide+Extensions.swift"; sourceTree = "<group>"; };
		0B79C3C21E83A14900CF92B2 /* ConstraintLayoutGuide.swift */ = {isa = PBXFileReference; fileEncoding = 4; lastKnownFileType = sourcecode.swift; path = ConstraintLayoutGuide.swift; sourceTree = "<group>"; };
		0B79C3C31E83A14900CF92B2 /* ConstraintLayoutGuideDSL.swift */ = {isa = PBXFileReference; fileEncoding = 4; lastKnownFileType = sourcecode.swift; path = ConstraintLayoutGuideDSL.swift; sourceTree = "<group>"; };
		0B79C3C41E83A14900CF92B2 /* ConstraintLayoutSupport.swift */ = {isa = PBXFileReference; fileEncoding = 4; lastKnownFileType = sourcecode.swift; path = ConstraintLayoutSupport.swift; sourceTree = "<group>"; };
		0B79C3C51E83A14900CF92B2 /* ConstraintLayoutSupportDSL.swift */ = {isa = PBXFileReference; fileEncoding = 4; lastKnownFileType = sourcecode.swift; path = ConstraintLayoutSupportDSL.swift; sourceTree = "<group>"; };
		0B79C3C61E83A14900CF92B2 /* ConstraintMaker.swift */ = {isa = PBXFileReference; fileEncoding = 4; lastKnownFileType = sourcecode.swift; path = ConstraintMaker.swift; sourceTree = "<group>"; };
		0B79C3C71E83A14900CF92B2 /* ConstraintMakerEditable.swift */ = {isa = PBXFileReference; fileEncoding = 4; lastKnownFileType = sourcecode.swift; path = ConstraintMakerEditable.swift; sourceTree = "<group>"; };
		0B79C3C81E83A14900CF92B2 /* ConstraintMakerExtendable.swift */ = {isa = PBXFileReference; fileEncoding = 4; lastKnownFileType = sourcecode.swift; path = ConstraintMakerExtendable.swift; sourceTree = "<group>"; };
		0B79C3C91E83A14900CF92B2 /* ConstraintMakerFinalizable.swift */ = {isa = PBXFileReference; fileEncoding = 4; lastKnownFileType = sourcecode.swift; path = ConstraintMakerFinalizable.swift; sourceTree = "<group>"; };
		0B79C3CA1E83A14900CF92B2 /* ConstraintMakerPriortizable.swift */ = {isa = PBXFileReference; fileEncoding = 4; lastKnownFileType = sourcecode.swift; path = ConstraintMakerPriortizable.swift; sourceTree = "<group>"; };
		0B79C3CB1E83A14900CF92B2 /* ConstraintMakerRelatable.swift */ = {isa = PBXFileReference; fileEncoding = 4; lastKnownFileType = sourcecode.swift; path = ConstraintMakerRelatable.swift; sourceTree = "<group>"; };
		0B79C3CC1E83A14900CF92B2 /* ConstraintMultiplierTarget.swift */ = {isa = PBXFileReference; fileEncoding = 4; lastKnownFileType = sourcecode.swift; path = ConstraintMultiplierTarget.swift; sourceTree = "<group>"; };
		0B79C3CD1E83A14900CF92B2 /* ConstraintOffsetTarget.swift */ = {isa = PBXFileReference; fileEncoding = 4; lastKnownFileType = sourcecode.swift; path = ConstraintOffsetTarget.swift; sourceTree = "<group>"; };
		0B79C3CE1E83A14900CF92B2 /* ConstraintPriorityTarget.swift */ = {isa = PBXFileReference; fileEncoding = 4; lastKnownFileType = sourcecode.swift; path = ConstraintPriorityTarget.swift; sourceTree = "<group>"; };
		0B79C3CF1E83A14900CF92B2 /* ConstraintRelatableTarget.swift */ = {isa = PBXFileReference; fileEncoding = 4; lastKnownFileType = sourcecode.swift; path = ConstraintRelatableTarget.swift; sourceTree = "<group>"; };
		0B79C3D01E83A14900CF92B2 /* ConstraintRelation.swift */ = {isa = PBXFileReference; fileEncoding = 4; lastKnownFileType = sourcecode.swift; path = ConstraintRelation.swift; sourceTree = "<group>"; };
		0B79C3D11E83A14900CF92B2 /* ConstraintView+Extensions.swift */ = {isa = PBXFileReference; fileEncoding = 4; lastKnownFileType = sourcecode.swift; path = "ConstraintView+Extensions.swift"; sourceTree = "<group>"; };
		0B79C3D21E83A14900CF92B2 /* ConstraintView.swift */ = {isa = PBXFileReference; fileEncoding = 4; lastKnownFileType = sourcecode.swift; path = ConstraintView.swift; sourceTree = "<group>"; };
		0B79C3D31E83A14900CF92B2 /* ConstraintViewDSL.swift */ = {isa = PBXFileReference; fileEncoding = 4; lastKnownFileType = sourcecode.swift; path = ConstraintViewDSL.swift; sourceTree = "<group>"; };
		0B79C3D41E83A14900CF92B2 /* Debugging.swift */ = {isa = PBXFileReference; fileEncoding = 4; lastKnownFileType = sourcecode.swift; path = Debugging.swift; sourceTree = "<group>"; };
		0B79C3D61E83A14900CF92B2 /* LayoutConstraint.swift */ = {isa = PBXFileReference; fileEncoding = 4; lastKnownFileType = sourcecode.swift; path = LayoutConstraint.swift; sourceTree = "<group>"; };
		0B79C3D71E83A14900CF92B2 /* LayoutConstraintItem.swift */ = {isa = PBXFileReference; fileEncoding = 4; lastKnownFileType = sourcecode.swift; path = LayoutConstraintItem.swift; sourceTree = "<group>"; };
		0B79C3D81E83A14900CF92B2 /* SnapKit.h */ = {isa = PBXFileReference; fileEncoding = 4; lastKnownFileType = sourcecode.c.h; path = SnapKit.h; sourceTree = "<group>"; };
		0B79C3D91E83A14900CF92B2 /* UILayoutSupport+Extensions.swift */ = {isa = PBXFileReference; fileEncoding = 4; lastKnownFileType = sourcecode.swift; path = "UILayoutSupport+Extensions.swift"; sourceTree = "<group>"; };
		0BE60A0C1EAD96B700D21D8C /* UINavigationController+FDFullscreenPopGesture.h */ = {isa = PBXFileReference; fileEncoding = 4; lastKnownFileType = sourcecode.c.h; path = "UINavigationController+FDFullscreenPopGesture.h"; sourceTree = "<group>"; };
		0BE60A0D1EAD96B700D21D8C /* UINavigationController+FDFullscreenPopGesture.m */ = {isa = PBXFileReference; fileEncoding = 4; lastKnownFileType = sourcecode.c.objc; path = "UINavigationController+FDFullscreenPopGesture.m"; sourceTree = "<group>"; };
		0BE60A141EADAD8100D21D8C /* ZKDownloadTaskManager.swift */ = {isa = PBXFileReference; fileEncoding = 4; lastKnownFileType = sourcecode.swift; path = ZKDownloadTaskManager.swift; sourceTree = "<group>"; };
		0BE60A1C1EADF87700D21D8C /* TaskManager.swift */ = {isa = PBXFileReference; fileEncoding = 4; lastKnownFileType = sourcecode.swift; path = TaskManager.swift; sourceTree = "<group>"; };
/* End PBXFileReference section */

/* Begin PBXFrameworksBuildPhase section */
		0B79C36C1E8388D600CF92B2 /* Frameworks */ = {
			isa = PBXFrameworksBuildPhase;
			buildActionMask = 2147483647;
			files = (
			);
			runOnlyForDeploymentPostprocessing = 0;
		};
/* End PBXFrameworksBuildPhase section */

/* Begin PBXGroup section */
		0B48CBC21EAF28F40069A213 /* FirstVC */ = {
			isa = PBXGroup;
			children = (
				0B48CBC31EAF28F40069A213 /* Controllers */,
				0B48CBC81EAF28F40069A213 /* view */,
			);
			path = FirstVC;
			sourceTree = "<group>";
		};
		0B48CBC31EAF28F40069A213 /* Controllers */ = {
			isa = PBXGroup;
			children = (
				0B48CBC41EAF28F40069A213 /* BackViewController.swift */,
				0B48CBC51EAF28F40069A213 /* DownloadTaskViewController.swift */,
				0B48CBC61EAF28F40069A213 /* FirstViewController.swift */,
				0B48CBC71EAF28F40069A213 /* NewTaskViewController.swift */,
				0B48CBDB1EAF29970069A213 /* WebViewController.swift */,
			);
			path = Controllers;
			sourceTree = "<group>";
		};
		0B48CBC81EAF28F40069A213 /* view */ = {
			isa = PBXGroup;
			children = (
				0B48CBC91EAF28F40069A213 /* DownloadCell.swift */,
			);
			path = view;
			sourceTree = "<group>";
		};
		0B48CBCA1EAF28F40069A213 /* SecondVC */ = {
			isa = PBXGroup;
			children = (
				0B48CBCB1EAF28F40069A213 /* Controllers */,
				0B48CBCD1EAF28F40069A213 /* Model */,
				0B48CBCE1EAF28F40069A213 /* Views */,
			);
			path = SecondVC;
			sourceTree = "<group>";
		};
		0B48CBCB1EAF28F40069A213 /* Controllers */ = {
			isa = PBXGroup;
			children = (
				0B48CBCC1EAF28F40069A213 /* SecondViewController.swift */,
			);
			path = Controllers;
			sourceTree = "<group>";
		};
		0B48CBCD1EAF28F40069A213 /* Model */ = {
			isa = PBXGroup;
			children = (
			);
			path = Model;
			sourceTree = "<group>";
		};
		0B48CBCE1EAF28F40069A213 /* Views */ = {
			isa = PBXGroup;
			children = (
			);
			path = Views;
			sourceTree = "<group>";
		};
		0B48CBCF1EAF28F40069A213 /* ThirdVC */ = {
			isa = PBXGroup;
			children = (
				0B6F044C1EB84812005E8FBD /* BKBK */,
				0B48CBD01EAF28F40069A213 /* Controllers */,
				0B48CBD21EAF28F40069A213 /* Model */,
				0B48CBD31EAF28F40069A213 /* Views */,
			);
			path = ThirdVC;
			sourceTree = "<group>";
		};
		0B48CBD01EAF28F40069A213 /* Controllers */ = {
			isa = PBXGroup;
			children = (
				0B48CBD11EAF28F40069A213 /* ThirdViewController.swift */,
			);
			path = Controllers;
			sourceTree = "<group>";
		};
		0B48CBD21EAF28F40069A213 /* Model */ = {
			isa = PBXGroup;
			children = (
			);
			path = Model;
			sourceTree = "<group>";
		};
		0B48CBD31EAF28F40069A213 /* Views */ = {
			isa = PBXGroup;
			children = (
			);
			path = Views;
			sourceTree = "<group>";
		};
		0B68F7621E84B71B00280D1B /* LaunchADView */ = {
			isa = PBXGroup;
			children = (
				0B68F7631E84B71B00280D1B /* ADView.swift */,
				0B68F7641E84B71B00280D1B /* ADViewController.swift */,
				0B68F7671E84BD0800280D1B /* ADModel.swift */,
			);
			path = LaunchADView;
			sourceTree = "<group>";
		};
		0B6F044C1EB84812005E8FBD /* BKBK */ = {
			isa = PBXGroup;
			children = (
				0B6F044D1EB84812005E8FBD /* NUKController */,
				0B6F04541EB84812005E8FBD /* NUKImage */,
				0B6F045A1EB84812005E8FBD /* NUKModels */,
				0B6F045F1EB84812005E8FBD /* NUKThirdLibrary */,
				0B6F048B1EB84812005E8FBD /* NUKTools */,
				0B6F048C1EB84812005E8FBD /* NUKViews */,
			);
			path = BKBK;
			sourceTree = "<group>";
		};
		0B6F044D1EB84812005E8FBD /* NUKController */ = {
			isa = PBXGroup;
			children = (
				0B6F044E1EB84812005E8FBD /* DetailViewController.swift */,
				0B6F044F1EB84812005E8FBD /* DetailViewController.xib */,
				0B6F04501EB84812005E8FBD /* GroupListViewController.swift */,
				0B6F04511EB84812005E8FBD /* HomeViewController.swift */,
				0B6F04521EB84812005E8FBD /* NUKBaseViewController.swift */,
				0B6F04531EB84812005E8FBD /* PapapaViewController.swift */,
			);
			path = NUKController;
			sourceTree = "<group>";
		};
		0B6F04541EB84812005E8FBD /* NUKImage */ = {
			isa = PBXGroup;
			children = (
				0B6F04551EB84812005E8FBD /* StarsBackground.png */,
				0B6F04561EB84812005E8FBD /* StarsForeground.png */,
			);
			path = NUKImage;
			sourceTree = "<group>";
		};
		0B6F045A1EB84812005E8FBD /* NUKModels */ = {
			isa = PBXGroup;
			children = (
				0B6F045B1EB84812005E8FBD /* DetailModel.swift */,
				0B6F045C1EB84812005E8FBD /* GroupListModel.swift */,
				0B6F045D1EB84812005E8FBD /* HomePageModel.swift */,
				0B6F045E1EB84812005E8FBD /* PapapaModel.swift */,
			);
			path = NUKModels;
			sourceTree = "<group>";
		};
		0B6F045F1EB84812005E8FBD /* NUKThirdLibrary */ = {
			isa = PBXGroup;
			children = (
				0B6F04601EB84812005E8FBD /* KingfisherSources */,
				0B6F04771EB84812005E8FBD /* XWSwiftRefresh */,
				0B6F048A1EB84812005E8FBD /* 哔咔先行版.rtf */,
			);
			path = NUKThirdLibrary;
			sourceTree = "<group>";
		};
		0B6F04601EB84812005E8FBD /* KingfisherSources */ = {
			isa = PBXGroup;
			children = (
				0B6F04611EB84812005E8FBD /* AnimatedImageView.swift */,
				0B6F04621EB84812005E8FBD /* Box.swift */,
				0B6F04631EB84812005E8FBD /* CacheSerializer.swift */,
				0B6F04641EB84812005E8FBD /* Filter.swift */,
				0B6F04651EB84812005E8FBD /* Image.swift */,
				0B6F04661EB84812005E8FBD /* ImageCache.swift */,
				0B6F04671EB84812005E8FBD /* ImageDownloader.swift */,
				0B6F04681EB84812005E8FBD /* ImagePrefetcher.swift */,
				0B6F04691EB84812005E8FBD /* ImageProcessor.swift */,
				0B6F046A1EB84812005E8FBD /* ImageTransition.swift */,
				0B6F046B1EB84812005E8FBD /* ImageView+Kingfisher.swift */,
				0B6F046C1EB84812005E8FBD /* Indicator.swift */,
				0B6F046D1EB84812005E8FBD /* Kingfisher.h */,
				0B6F046E1EB84812005E8FBD /* Kingfisher.swift */,
				0B6F046F1EB84812005E8FBD /* KingfisherManager.swift */,
				0B6F04701EB84812005E8FBD /* KingfisherOptionsInfo.swift */,
				0B6F04711EB84812005E8FBD /* RequestModifier.swift */,
				0B6F04721EB84812005E8FBD /* Resource.swift */,
				0B6F04731EB84812005E8FBD /* String+MD5.swift */,
				0B6F04741EB84812005E8FBD /* ThreadHelper.swift */,
				0B6F04751EB84812005E8FBD /* UIButton+Kingfisher.swift */,
			);
			path = KingfisherSources;
			sourceTree = "<group>";
		};
		0B6F04771EB84812005E8FBD /* XWSwiftRefresh */ = {
			isa = PBXGroup;
			children = (
				0B6F04781EB84812005E8FBD /* common */,
				0B6F047C1EB84812005E8FBD /* Footer */,
				0B6F04811EB84812005E8FBD /* Header */,
				0B6F04861EB84812005E8FBD /* Helper */,
				0B6F04881EB84812005E8FBD /* Icon */,
			);
			path = XWSwiftRefresh;
			sourceTree = "<group>";
		};
		0B6F04781EB84812005E8FBD /* common */ = {
			isa = PBXGroup;
			children = (
				0B6F04791EB84812005E8FBD /* XWConst.swift */,
				0B6F047A1EB84812005E8FBD /* XWRefreshComponent.swift */,
				0B6F047B1EB84812005E8FBD /* XWShortcutMethod.swift */,
			);
			path = common;
			sourceTree = "<group>";
		};
		0B6F047C1EB84812005E8FBD /* Footer */ = {
			isa = PBXGroup;
			children = (
				0B6F047D1EB84812005E8FBD /* XWRefreshAutoFooter.swift */,
				0B6F047E1EB84812005E8FBD /* XWRefreshAutoNormalFooter.swift */,
				0B6F047F1EB84812005E8FBD /* XWRefreshAutoStateFooter.swift */,
				0B6F04801EB84812005E8FBD /* XWRefreshFooter.swift */,
			);
			path = Footer;
			sourceTree = "<group>";
		};
		0B6F04811EB84812005E8FBD /* Header */ = {
			isa = PBXGroup;
			children = (
				0B6F04821EB84812005E8FBD /* XWRefreshGifHeader.swift */,
				0B6F04831EB84812005E8FBD /* XWRefreshHeader.swift */,
				0B6F04841EB84812005E8FBD /* XWRefreshNormalHeader.swift */,
				0B6F04851EB84812005E8FBD /* XWRefreshStateHeader.swift */,
			);
			path = Header;
			sourceTree = "<group>";
		};
		0B6F04861EB84812005E8FBD /* Helper */ = {
			isa = PBXGroup;
			children = (
				0B6F04871EB84812005E8FBD /* UIScrollViewExtension-XW.swift */,
			);
			path = Helper;
			sourceTree = "<group>";
		};
		0B6F04881EB84812005E8FBD /* Icon */ = {
			isa = PBXGroup;
			children = (
				0B6F04891EB84812005E8FBD /* xw_icon.bundle */,
			);
			path = Icon;
			sourceTree = "<group>";
		};
		0B6F048B1EB84812005E8FBD /* NUKTools */ = {
			isa = PBXGroup;
			children = (
			);
			path = NUKTools;
			sourceTree = "<group>";
		};
		0B6F048C1EB84812005E8FBD /* NUKViews */ = {
			isa = PBXGroup;
			children = (
				0B6F048D1EB84812005E8FBD /* DetailButton.swift */,
				0B6F048E1EB84812005E8FBD /* GroupListCell.swift */,
				0B6F048F1EB84812005E8FBD /* GroupListCell.xib */,
				0B6F04901EB84812005E8FBD /* PapapaCell.swift */,
				0B6F04911EB84812005E8FBD /* StarView.swift */,
			);
			path = NUKViews;
			sourceTree = "<group>";
		};
		0B79C3661E8388D600CF92B2 = {
			isa = PBXGroup;
			children = (
				0B79C3711E8388D600CF92B2 /* MyTools */,
				0B79C3701E8388D600CF92B2 /* Products */,
			);
			sourceTree = "<group>";
		};
		0B79C3701E8388D600CF92B2 /* Products */ = {
			isa = PBXGroup;
			children = (
				0B79C36F1E8388D600CF92B2 /* MyTools.app */,
			);
			name = Products;
			sourceTree = "<group>";
		};
		0B79C3711E8388D600CF92B2 /* MyTools */ = {
			isa = PBXGroup;
			children = (
				0B79C3AA1E83957100CF92B2 /* Resources */,
				0B79C3A61E8394F200CF92B2 /* Class */,
				0B79C3A31E8394E800CF92B2 /* Base */,
				0B79C3841E83907D00CF92B2 /* ThirdLibrary */,
				0B79C38C1E83907D00CF92B2 /* Tools */,
				0B79C3721E8388D600CF92B2 /* AppDelegate.swift */,
				0B79C3741E8388D600CF92B2 /* ViewController.swift */,
				0B79C3761E8388D600CF92B2 /* Main.storyboard */,
				0B79C3791E8388D600CF92B2 /* Assets.xcassets */,
				0B79C37B1E8388D600CF92B2 /* LaunchScreen.storyboard */,
				0B79C37E1E8388D700CF92B2 /* Info.plist */,
				0B79C3A21E8390E700CF92B2 /* HeaderBridge.h */,
			);
			path = MyTools;
			sourceTree = "<group>";
		};
		0B79C3841E83907D00CF92B2 /* ThirdLibrary */ = {
			isa = PBXGroup;
			children = (
				0BE60A0B1EAD96B700D21D8C /* FDFullscreenPopGesture */,
				0B79C3B61E83A14900CF92B2 /* SnapKit */,
				0B79C3991E8390B400CF92B2 /* ProgressHUD */,
				0B79C3851E83907D00CF92B2 /* CacheTool.swift */,
				0B79C3871E83907D00CF92B2 /* UIControl+recurClick.h */,
				0B79C3881E83907D00CF92B2 /* UIControl+recurClick.m */,
			);
			path = ThirdLibrary;
			sourceTree = "<group>";
		};
		0B79C38C1E83907D00CF92B2 /* Tools */ = {
			isa = PBXGroup;
			children = (
				0BE60A1C1EADF87700D21D8C /* TaskManager.swift */,
				0B68F7621E84B71B00280D1B /* LaunchADView */,
				0B79C38D1E83907D00CF92B2 /* Const.swift */,
				0B79C38E1E83907D00CF92B2 /* MyTools.swift */,
				0B79C38F1E83907D00CF92B2 /* ZKDownloader.swift */,
				0BE60A141EADAD8100D21D8C /* ZKDownloadTaskManager.swift */,
			);
			path = Tools;
			sourceTree = "<group>";
		};
		0B79C3991E8390B400CF92B2 /* ProgressHUD */ = {
			isa = PBXGroup;
			children = (
				0B79C39A1E8390B400CF92B2 /* ProgressHUD.swift */,
				0B79C39B1E8390B400CF92B2 /* 保存成功.png */,
				0B79C39C1E8390B400CF92B2 /* 提示底.png */,
				0B79C39D1E8390B400CF92B2 /* 提示底@2x.png */,
			);
			path = ProgressHUD;
			sourceTree = "<group>";
		};
		0B79C3A31E8394E800CF92B2 /* Base */ = {
			isa = PBXGroup;
			children = (
				0B79C3A41E8394E800CF92B2 /* MainTabBarViewController.swift */,
				0B79C3B21E83978500CF92B2 /* BaseViewController.swift */,
				0B79C3B41E839CEB00CF92B2 /* HttpUrl.swift */,
			);
			path = Base;
			sourceTree = "<group>";
		};
		0B79C3A61E8394F200CF92B2 /* Class */ = {
			isa = PBXGroup;
			children = (
				0B48CBC21EAF28F40069A213 /* FirstVC */,
				0B48CBCA1EAF28F40069A213 /* SecondVC */,
				0B48CBCF1EAF28F40069A213 /* ThirdVC */,
			);
			path = Class;
			sourceTree = "<group>";
		};
		0B79C3AA1E83957100CF92B2 /* Resources */ = {
			isa = PBXGroup;
			children = (
				0B79C3AB1E83957100CF92B2 /* Images */,
			);
			path = Resources;
			sourceTree = "<group>";
		};
		0B79C3AB1E83957100CF92B2 /* Images */ = {
			isa = PBXGroup;
			children = (
			);
			path = Images;
			sourceTree = "<group>";
		};
		0B79C3B61E83A14900CF92B2 /* SnapKit */ = {
			isa = PBXGroup;
			children = (
				0B79C3B71E83A14900CF92B2 /* Source */,
			);
			path = SnapKit;
			sourceTree = "<group>";
		};
		0B79C3B71E83A14900CF92B2 /* Source */ = {
			isa = PBXGroup;
			children = (
				0B79C3B81E83A14900CF92B2 /* Constraint.swift */,
				0B79C3B91E83A14900CF92B2 /* ConstraintAttributes.swift */,
				0B79C3BA1E83A14900CF92B2 /* ConstraintConfig.swift */,
				0B79C3BB1E83A14900CF92B2 /* ConstraintConstantTarget.swift */,
				0B79C3BC1E83A14900CF92B2 /* ConstraintDescription.swift */,
				0B79C3BD1E83A14900CF92B2 /* ConstraintDSL.swift */,
				0B79C3BE1E83A14900CF92B2 /* ConstraintInsets.swift */,
				0B79C3BF1E83A14900CF92B2 /* ConstraintInsetTarget.swift */,
				0B79C3C01E83A14900CF92B2 /* ConstraintItem.swift */,
				0B79C3C11E83A14900CF92B2 /* ConstraintLayoutGuide+Extensions.swift */,
				0B79C3C21E83A14900CF92B2 /* ConstraintLayoutGuide.swift */,
				0B79C3C31E83A14900CF92B2 /* ConstraintLayoutGuideDSL.swift */,
				0B79C3C41E83A14900CF92B2 /* ConstraintLayoutSupport.swift */,
				0B79C3C51E83A14900CF92B2 /* ConstraintLayoutSupportDSL.swift */,
				0B79C3C61E83A14900CF92B2 /* ConstraintMaker.swift */,
				0B79C3C71E83A14900CF92B2 /* ConstraintMakerEditable.swift */,
				0B79C3C81E83A14900CF92B2 /* ConstraintMakerExtendable.swift */,
				0B79C3C91E83A14900CF92B2 /* ConstraintMakerFinalizable.swift */,
				0B79C3CA1E83A14900CF92B2 /* ConstraintMakerPriortizable.swift */,
				0B79C3CB1E83A14900CF92B2 /* ConstraintMakerRelatable.swift */,
				0B79C3CC1E83A14900CF92B2 /* ConstraintMultiplierTarget.swift */,
				0B79C3CD1E83A14900CF92B2 /* ConstraintOffsetTarget.swift */,
				0B79C3CE1E83A14900CF92B2 /* ConstraintPriorityTarget.swift */,
				0B79C3CF1E83A14900CF92B2 /* ConstraintRelatableTarget.swift */,
				0B79C3D01E83A14900CF92B2 /* ConstraintRelation.swift */,
				0B79C3D11E83A14900CF92B2 /* ConstraintView+Extensions.swift */,
				0B79C3D21E83A14900CF92B2 /* ConstraintView.swift */,
				0B79C3D31E83A14900CF92B2 /* ConstraintViewDSL.swift */,
				0B79C3D41E83A14900CF92B2 /* Debugging.swift */,
				0B79C3D61E83A14900CF92B2 /* LayoutConstraint.swift */,
				0B79C3D71E83A14900CF92B2 /* LayoutConstraintItem.swift */,
				0B79C3D81E83A14900CF92B2 /* SnapKit.h */,
				0B79C3D91E83A14900CF92B2 /* UILayoutSupport+Extensions.swift */,
			);
			path = Source;
			sourceTree = "<group>";
		};
		0BE60A0B1EAD96B700D21D8C /* FDFullscreenPopGesture */ = {
			isa = PBXGroup;
			children = (
				0BE60A0C1EAD96B700D21D8C /* UINavigationController+FDFullscreenPopGesture.h */,
				0BE60A0D1EAD96B700D21D8C /* UINavigationController+FDFullscreenPopGesture.m */,
			);
			path = FDFullscreenPopGesture;
			sourceTree = "<group>";
		};
/* End PBXGroup section */

/* Begin PBXNativeTarget section */
		0B79C36E1E8388D600CF92B2 /* MyTools */ = {
			isa = PBXNativeTarget;
			buildConfigurationList = 0B79C3811E8388D700CF92B2 /* Build configuration list for PBXNativeTarget "MyTools" */;
			buildPhases = (
				0B79C36B1E8388D600CF92B2 /* Sources */,
				0B79C36C1E8388D600CF92B2 /* Frameworks */,
				0B79C36D1E8388D600CF92B2 /* Resources */,
			);
			buildRules = (
			);
			dependencies = (
			);
			name = MyTools;
			productName = MyTools;
			productReference = 0B79C36F1E8388D600CF92B2 /* MyTools.app */;
			productType = "com.apple.product-type.application";
		};
/* End PBXNativeTarget section */

/* Begin PBXProject section */
		0B79C3671E8388D600CF92B2 /* Project object */ = {
			isa = PBXProject;
			attributes = {
				LastSwiftUpdateCheck = 0820;
				LastUpgradeCheck = 0820;
				ORGANIZATIONNAME = zhangk;
				TargetAttributes = {
					0B79C36E1E8388D600CF92B2 = {
						CreatedOnToolsVersion = 8.2.1;
						DevelopmentTeam = 462CLBGT3J;
						ProvisioningStyle = Automatic;
					};
				};
			};
			buildConfigurationList = 0B79C36A1E8388D600CF92B2 /* Build configuration list for PBXProject "MyTools" */;
			compatibilityVersion = "Xcode 3.2";
			developmentRegion = English;
			hasScannedForEncodings = 0;
			knownRegions = (
				en,
				Base,
			);
			mainGroup = 0B79C3661E8388D600CF92B2;
			productRefGroup = 0B79C3701E8388D600CF92B2 /* Products */;
			projectDirPath = "";
			projectRoot = "";
			targets = (
				0B79C36E1E8388D600CF92B2 /* MyTools */,
			);
		};
/* End PBXProject section */

/* Begin PBXResourcesBuildPhase section */
		0B79C36D1E8388D600CF92B2 /* Resources */ = {
			isa = PBXResourcesBuildPhase;
			buildActionMask = 2147483647;
			files = (
				0B79C37D1E8388D600CF92B2 /* LaunchScreen.storyboard in Resources */,
				0B79C37A1E8388D600CF92B2 /* Assets.xcassets in Resources */,
				0B6F04931EB84812005E8FBD /* DetailViewController.xib in Resources */,
				0B6F04C61EB84812005E8FBD /* GroupListCell.xib in Resources */,
				0B6F04981EB84812005E8FBD /* StarsBackground.png in Resources */,
				0B79C3A01E8390B400CF92B2 /* 提示底.png in Resources */,
				0B6F04991EB84812005E8FBD /* StarsForeground.png in Resources */,
				0B6F04C21EB84812005E8FBD /* xw_icon.bundle in Resources */,
				0B79C3781E8388D600CF92B2 /* Main.storyboard in Resources */,
				0B79C3A11E8390B400CF92B2 /* 提示底@2x.png in Resources */,
				0B79C39F1E8390B400CF92B2 /* 保存成功.png in Resources */,
				0B6F04C31EB84812005E8FBD /* 哔咔先行版.rtf in Resources */,
			);
			runOnlyForDeploymentPostprocessing = 0;
		};
/* End PBXResourcesBuildPhase section */

/* Begin PBXSourcesBuildPhase section */
		0B79C36B1E8388D600CF92B2 /* Sources */ = {
			isa = PBXSourcesBuildPhase;
			buildActionMask = 2147483647;
			files = (
				0B79C3E71E83A14900CF92B2 /* ConstraintLayoutSupportDSL.swift in Sources */,
				0B79C3B31E83978500CF92B2 /* BaseViewController.swift in Sources */,
				0B6F04A01EB84812005E8FBD /* PapapaModel.swift in Sources */,
				0B6F04C51EB84812005E8FBD /* GroupListCell.swift in Sources */,
				0B48CBD71EAF28F40069A213 /* NewTaskViewController.swift in Sources */,
				0B79C3F91E83A14900CF92B2 /* LayoutConstraintItem.swift in Sources */,
				0B79C3ED1E83A14900CF92B2 /* ConstraintMakerRelatable.swift in Sources */,
				0B79C3EB1E83A14900CF92B2 /* ConstraintMakerFinalizable.swift in Sources */,
				0B6F04BD1EB84812005E8FBD /* XWRefreshGifHeader.swift in Sources */,
				0B79C3EE1E83A14900CF92B2 /* ConstraintMultiplierTarget.swift in Sources */,
				0B79C3F31E83A14900CF92B2 /* ConstraintView+Extensions.swift in Sources */,
				0B79C3E81E83A14900CF92B2 /* ConstraintMaker.swift in Sources */,
				0B6F049E1EB84812005E8FBD /* GroupListModel.swift in Sources */,
				0B6F04BF1EB84812005E8FBD /* XWRefreshNormalHeader.swift in Sources */,
				0B6F04921EB84812005E8FBD /* DetailViewController.swift in Sources */,
				0B79C3DB1E83A14900CF92B2 /* ConstraintAttributes.swift in Sources */,
				0B6F04AC1EB84812005E8FBD /* Indicator.swift in Sources */,
				0B6F04BC1EB84812005E8FBD /* XWRefreshFooter.swift in Sources */,
				0B6F04A21EB84812005E8FBD /* Box.swift in Sources */,
				0B6F04B31EB84812005E8FBD /* ThreadHelper.swift in Sources */,
				0B79C3F61E83A14900CF92B2 /* Debugging.swift in Sources */,
				0BE60A151EADAD8100D21D8C /* ZKDownloadTaskManager.swift in Sources */,
				0B79C3DC1E83A14900CF92B2 /* ConstraintConfig.swift in Sources */,
				0B6F04C71EB84812005E8FBD /* PapapaCell.swift in Sources */,
				0B79C3E41E83A14900CF92B2 /* ConstraintLayoutGuide.swift in Sources */,
				0B6F04A11EB84812005E8FBD /* AnimatedImageView.swift in Sources */,
				0B6F04B61EB84812005E8FBD /* XWConst.swift in Sources */,
				0B79C3F81E83A14900CF92B2 /* LayoutConstraint.swift in Sources */,
				0B6F04A51EB84812005E8FBD /* Image.swift in Sources */,
				0B6F04B91EB84812005E8FBD /* XWRefreshAutoFooter.swift in Sources */,
				0B79C3F41E83A14900CF92B2 /* ConstraintView.swift in Sources */,
				0B6F04AE1EB84812005E8FBD /* KingfisherManager.swift in Sources */,
				0B6F04AA1EB84812005E8FBD /* ImageTransition.swift in Sources */,
				0B6F04A41EB84812005E8FBD /* Filter.swift in Sources */,
				0B6F04BB1EB84812005E8FBD /* XWRefreshAutoStateFooter.swift in Sources */,
				0B79C3EF1E83A14900CF92B2 /* ConstraintOffsetTarget.swift in Sources */,
				0B79C3FA1E83A14900CF92B2 /* UILayoutSupport+Extensions.swift in Sources */,
				0B6F04C11EB84812005E8FBD /* UIScrollViewExtension-XW.swift in Sources */,
				0B79C3751E8388D600CF92B2 /* ViewController.swift in Sources */,
				0B48CBDC1EAF29970069A213 /* WebViewController.swift in Sources */,
				0B79C3DA1E83A14900CF92B2 /* Constraint.swift in Sources */,
				0B79C3E51E83A14900CF92B2 /* ConstraintLayoutGuideDSL.swift in Sources */,
				0B79C3B51E839CEB00CF92B2 /* HttpUrl.swift in Sources */,
				0B79C3981E83907D00CF92B2 /* ZKDownloader.swift in Sources */,
				0B79C39E1E8390B400CF92B2 /* ProgressHUD.swift in Sources */,
				0B79C3DD1E83A14900CF92B2 /* ConstraintConstantTarget.swift in Sources */,
				0B6F04B11EB84812005E8FBD /* Resource.swift in Sources */,
				0B6F04C81EB84812005E8FBD /* StarView.swift in Sources */,
				0B6F04B01EB84812005E8FBD /* RequestModifier.swift in Sources */,
				0BE60A1D1EADF87700D21D8C /* TaskManager.swift in Sources */,
				0B48CBD51EAF28F40069A213 /* DownloadTaskViewController.swift in Sources */,
				0B79C3F11E83A14900CF92B2 /* ConstraintRelatableTarget.swift in Sources */,
				0B6F04BA1EB84812005E8FBD /* XWRefreshAutoNormalFooter.swift in Sources */,
				0B6F049D1EB84812005E8FBD /* DetailModel.swift in Sources */,
				0B6F04A81EB84812005E8FBD /* ImagePrefetcher.swift in Sources */,
				0B6F04AB1EB84812005E8FBD /* ImageView+Kingfisher.swift in Sources */,
				0B79C3A51E8394E800CF92B2 /* MainTabBarViewController.swift in Sources */,
				0B79C3EA1E83A14900CF92B2 /* ConstraintMakerExtendable.swift in Sources */,
				0B79C3DE1E83A14900CF92B2 /* ConstraintDescription.swift in Sources */,
				0B6F04BE1EB84812005E8FBD /* XWRefreshHeader.swift in Sources */,
				0B6F04961EB84812005E8FBD /* NUKBaseViewController.swift in Sources */,
				0B79C3E01E83A14900CF92B2 /* ConstraintInsets.swift in Sources */,
				0B48CBD61EAF28F40069A213 /* FirstViewController.swift in Sources */,
				0B6F04951EB84812005E8FBD /* HomeViewController.swift in Sources */,
				0B6F04B21EB84812005E8FBD /* String+MD5.swift in Sources */,
				0B6F04B71EB84812005E8FBD /* XWRefreshComponent.swift in Sources */,
				0B6F04B41EB84812005E8FBD /* UIButton+Kingfisher.swift in Sources */,
				0B48CBD91EAF28F40069A213 /* SecondViewController.swift in Sources */,
				0B6F04A31EB84812005E8FBD /* CacheSerializer.swift in Sources */,
				0B79C3E31E83A14900CF92B2 /* ConstraintLayoutGuide+Extensions.swift in Sources */,
				0BE60A0E1EAD96B700D21D8C /* UINavigationController+FDFullscreenPopGesture.m in Sources */,
				0B48CBD81EAF28F40069A213 /* DownloadCell.swift in Sources */,
				0B79C3F01E83A14900CF92B2 /* ConstraintPriorityTarget.swift in Sources */,
				0B48CBDA1EAF28F40069A213 /* ThirdViewController.swift in Sources */,
				0B6F04A91EB84812005E8FBD /* ImageProcessor.swift in Sources */,
				0B48CBD41EAF28F40069A213 /* BackViewController.swift in Sources */,
				0B79C3921E83907D00CF92B2 /* UIControl+recurClick.m in Sources */,
				0B79C3DF1E83A14900CF92B2 /* ConstraintDSL.swift in Sources */,
				0B6F04C01EB84812005E8FBD /* XWRefreshStateHeader.swift in Sources */,
				0B68F7681E84BD0800280D1B /* ADModel.swift in Sources */,
				0B6F04B81EB84812005E8FBD /* XWShortcutMethod.swift in Sources */,
				0B79C3E91E83A14900CF92B2 /* ConstraintMakerEditable.swift in Sources */,
				0B79C3E61E83A14900CF92B2 /* ConstraintLayoutSupport.swift in Sources */,
				0B79C3971E83907D00CF92B2 /* MyTools.swift in Sources */,
				0B68F7661E84B71B00280D1B /* ADViewController.swift in Sources */,
				0B6F049F1EB84812005E8FBD /* HomePageModel.swift in Sources */,
				0B79C3EC1E83A14900CF92B2 /* ConstraintMakerPriortizable.swift in Sources */,
				0B79C3731E8388D600CF92B2 /* AppDelegate.swift in Sources */,
				0B6F04AD1EB84812005E8FBD /* Kingfisher.swift in Sources */,
				0B6F04AF1EB84812005E8FBD /* KingfisherOptionsInfo.swift in Sources */,
				0B6F04C41EB84812005E8FBD /* DetailButton.swift in Sources */,
				0B79C3901E83907D00CF92B2 /* CacheTool.swift in Sources */,
				0B79C3E21E83A14900CF92B2 /* ConstraintItem.swift in Sources */,
				0B6F04941EB84812005E8FBD /* GroupListViewController.swift in Sources */,
				0B79C3E11E83A14900CF92B2 /* ConstraintInsetTarget.swift in Sources */,
				0B6F04A71EB84812005E8FBD /* ImageDownloader.swift in Sources */,
				0B6F04A61EB84812005E8FBD /* ImageCache.swift in Sources */,
				0B79C3F21E83A14900CF92B2 /* ConstraintRelation.swift in Sources */,
				0B79C3961E83907D00CF92B2 /* Const.swift in Sources */,
				0B6F04971EB84812005E8FBD /* PapapaViewController.swift in Sources */,
				0B68F7651E84B71B00280D1B /* ADView.swift in Sources */,
				0B79C3F51E83A14900CF92B2 /* ConstraintViewDSL.swift in Sources */,
			);
			runOnlyForDeploymentPostprocessing = 0;
		};
/* End PBXSourcesBuildPhase section */

/* Begin PBXVariantGroup section */
		0B79C3761E8388D600CF92B2 /* Main.storyboard */ = {
			isa = PBXVariantGroup;
			children = (
				0B79C3771E8388D600CF92B2 /* Base */,
			);
			name = Main.storyboard;
			sourceTree = "<group>";
		};
		0B79C37B1E8388D600CF92B2 /* LaunchScreen.storyboard */ = {
			isa = PBXVariantGroup;
			children = (
				0B79C37C1E8388D600CF92B2 /* Base */,
			);
			name = LaunchScreen.storyboard;
			sourceTree = "<group>";
		};
/* End PBXVariantGroup section */

/* Begin XCBuildConfiguration section */
		0B79C37F1E8388D700CF92B2 /* Debug */ = {
			isa = XCBuildConfiguration;
			buildSettings = {
				ALWAYS_SEARCH_USER_PATHS = NO;
				CLANG_ANALYZER_NONNULL = YES;
				CLANG_CXX_LANGUAGE_STANDARD = "gnu++0x";
				CLANG_CXX_LIBRARY = "libc++";
				CLANG_ENABLE_MODULES = YES;
				CLANG_ENABLE_OBJC_ARC = YES;
				CLANG_WARN_BOOL_CONVERSION = YES;
				CLANG_WARN_CONSTANT_CONVERSION = YES;
				CLANG_WARN_DIRECT_OBJC_ISA_USAGE = YES_ERROR;
				CLANG_WARN_DOCUMENTATION_COMMENTS = YES;
				CLANG_WARN_EMPTY_BODY = YES;
				CLANG_WARN_ENUM_CONVERSION = YES;
				CLANG_WARN_INFINITE_RECURSION = YES;
				CLANG_WARN_INT_CONVERSION = YES;
				CLANG_WARN_OBJC_ROOT_CLASS = YES_ERROR;
				CLANG_WARN_SUSPICIOUS_MOVE = YES;
				CLANG_WARN_UNREACHABLE_CODE = YES;
				CLANG_WARN__DUPLICATE_METHOD_MATCH = YES;
				"CODE_SIGN_IDENTITY[sdk=iphoneos*]" = "iPhone Developer";
				COPY_PHASE_STRIP = NO;
				DEBUG_INFORMATION_FORMAT = dwarf;
				ENABLE_STRICT_OBJC_MSGSEND = YES;
				ENABLE_TESTABILITY = YES;
				GCC_C_LANGUAGE_STANDARD = gnu99;
				GCC_DYNAMIC_NO_PIC = NO;
				GCC_NO_COMMON_BLOCKS = YES;
				GCC_OPTIMIZATION_LEVEL = 0;
				GCC_PREPROCESSOR_DEFINITIONS = (
					"DEBUG=1",
					"$(inherited)",
				);
				GCC_WARN_64_TO_32_BIT_CONVERSION = YES;
				GCC_WARN_ABOUT_RETURN_TYPE = YES_ERROR;
				GCC_WARN_UNDECLARED_SELECTOR = YES;
				GCC_WARN_UNINITIALIZED_AUTOS = YES_AGGRESSIVE;
				GCC_WARN_UNUSED_FUNCTION = YES;
				GCC_WARN_UNUSED_VARIABLE = YES;
				IPHONEOS_DEPLOYMENT_TARGET = 10.2;
				MTL_ENABLE_DEBUG_INFO = YES;
				ONLY_ACTIVE_ARCH = YES;
				SDKROOT = iphoneos;
				SWIFT_ACTIVE_COMPILATION_CONDITIONS = DEBUG;
				SWIFT_OPTIMIZATION_LEVEL = "-Onone";
			};
			name = Debug;
		};
		0B79C3801E8388D700CF92B2 /* Release */ = {
			isa = XCBuildConfiguration;
			buildSettings = {
				ALWAYS_SEARCH_USER_PATHS = NO;
				CLANG_ANALYZER_NONNULL = YES;
				CLANG_CXX_LANGUAGE_STANDARD = "gnu++0x";
				CLANG_CXX_LIBRARY = "libc++";
				CLANG_ENABLE_MODULES = YES;
				CLANG_ENABLE_OBJC_ARC = YES;
				CLANG_WARN_BOOL_CONVERSION = YES;
				CLANG_WARN_CONSTANT_CONVERSION = YES;
				CLANG_WARN_DIRECT_OBJC_ISA_USAGE = YES_ERROR;
				CLANG_WARN_DOCUMENTATION_COMMENTS = YES;
				CLANG_WARN_EMPTY_BODY = YES;
				CLANG_WARN_ENUM_CONVERSION = YES;
				CLANG_WARN_INFINITE_RECURSION = YES;
				CLANG_WARN_INT_CONVERSION = YES;
				CLANG_WARN_OBJC_ROOT_CLASS = YES_ERROR;
				CLANG_WARN_SUSPICIOUS_MOVE = YES;
				CLANG_WARN_UNREACHABLE_CODE = YES;
				CLANG_WARN__DUPLICATE_METHOD_MATCH = YES;
				"CODE_SIGN_IDENTITY[sdk=iphoneos*]" = "iPhone Developer";
				COPY_PHASE_STRIP = NO;
				DEBUG_INFORMATION_FORMAT = "dwarf-with-dsym";
				ENABLE_NS_ASSERTIONS = NO;
				ENABLE_STRICT_OBJC_MSGSEND = YES;
				GCC_C_LANGUAGE_STANDARD = gnu99;
				GCC_NO_COMMON_BLOCKS = YES;
				GCC_WARN_64_TO_32_BIT_CONVERSION = YES;
				GCC_WARN_ABOUT_RETURN_TYPE = YES_ERROR;
				GCC_WARN_UNDECLARED_SELECTOR = YES;
				GCC_WARN_UNINITIALIZED_AUTOS = YES_AGGRESSIVE;
				GCC_WARN_UNUSED_FUNCTION = YES;
				GCC_WARN_UNUSED_VARIABLE = YES;
				IPHONEOS_DEPLOYMENT_TARGET = 10.2;
				MTL_ENABLE_DEBUG_INFO = NO;
				SDKROOT = iphoneos;
				SWIFT_OPTIMIZATION_LEVEL = "-Owholemodule";
				VALIDATE_PRODUCT = YES;
			};
			name = Release;
		};
		0B79C3821E8388D700CF92B2 /* Debug */ = {
			isa = XCBuildConfiguration;
			buildSettings = {
				ASSETCATALOG_COMPILER_APPICON_NAME = AppIcon;
				DEVELOPMENT_TEAM = 462CLBGT3J;
				INFOPLIST_FILE = MyTools/Info.plist;
				IPHONEOS_DEPLOYMENT_TARGET = 8.0;
				LD_RUNPATH_SEARCH_PATHS = "$(inherited) @executable_path/Frameworks";
				PRODUCT_BUNDLE_IDENTIFIER = com.pashanhu.mengwushe;
				PRODUCT_NAME = "$(TARGET_NAME)";
				SWIFT_OBJC_BRIDGING_HEADER = "$(SRCROOT)/MyTools/HeaderBridge.h";
				SWIFT_VERSION = 3.0;
			};
			name = Debug;
		};
		0B79C3831E8388D700CF92B2 /* Release */ = {
			isa = XCBuildConfiguration;
			buildSettings = {
				ASSETCATALOG_COMPILER_APPICON_NAME = AppIcon;
				DEVELOPMENT_TEAM = 462CLBGT3J;
				INFOPLIST_FILE = MyTools/Info.plist;
				IPHONEOS_DEPLOYMENT_TARGET = 8.0;
				LD_RUNPATH_SEARCH_PATHS = "$(inherited) @executable_path/Frameworks";
				PRODUCT_BUNDLE_IDENTIFIER = com.pashanhu.mengwushe;
				PRODUCT_NAME = "$(TARGET_NAME)";
				SWIFT_OBJC_BRIDGING_HEADER = "$(SRCROOT)/MyTools/HeaderBridge.h";
				SWIFT_VERSION = 3.0;
			};
			name = Release;
		};
/* End XCBuildConfiguration section */

/* Begin XCConfigurationList section */
		0B79C36A1E8388D600CF92B2 /* Build configuration list for PBXProject "MyTools" */ = {
			isa = XCConfigurationList;
			buildConfigurations = (
				0B79C37F1E8388D700CF92B2 /* Debug */,
				0B79C3801E8388D700CF92B2 /* Release */,
			);
			defaultConfigurationIsVisible = 0;
			defaultConfigurationName = Release;
		};
		0B79C3811E8388D700CF92B2 /* Build configuration list for PBXNativeTarget "MyTools" */ = {
			isa = XCConfigurationList;
			buildConfigurations = (
				0B79C3821E8388D700CF92B2 /* Debug */,
				0B79C3831E8388D700CF92B2 /* Release */,
			);
			defaultConfigurationIsVisible = 0;
			defaultConfigurationName = Release;
		};
/* End XCConfigurationList section */
	};
	rootObject = 0B79C3671E8388D600CF92B2 /* Project object */;
}
